
Microsoft Visual Studio Solution File, Format Version 12.00
Project("{FAE04EC0-301F-11D3-BF4B-00C04F79EFBC}") = "SaveMyMyimaths", "SaveMyMyimaths\SaveMyMyimaths.csproj", "{8DA9D153-0901-4D3D-9084-185C5A9C586C}"
EndProject
Global
	GlobalSection(SolutionConfigurationPlatforms) = preSolution
		Debug|Any CPU = Debug|Any CPU
		Release|Any CPU = Release|Any CPU
	EndGlobalSection
	GlobalSection(ProjectConfigurationPlatforms) = postSolution
		{8DA9D153-0901-4D3D-9084-185C5A9C586C}.Debug|Any CPU.ActiveCfg = Debug|Any CPU
		{8DA9D153-0901-4D3D-9084-185C5A9C586C}.Debug|Any CPU.Build.0 = Debug|Any CPU
		{8DA9D153-0901-4D3D-9084-185C5A9C586C}.Release|Any CPU.ActiveCfg = Release|Any CPU
		{8DA9D153-0901-4D3D-9084-185C5A9C586C}.Release|Any CPU.Build.0 = Release|Any CPU
	EndGlobalSection
EndGlobal
